
Microsoft Visual Studio Solution File, Format Version 12.00
# Visual Studio 2013
VisualStudioVersion = 12.0.31101.0
MinimumVisualStudioVersion = 10.0.40219.1
Project("{FAE04EC0-301F-11D3-BF4B-00C04F79EFBC}") = "Delegates_Task1", "Delegates_Task1\Delegates_Task1.csproj", "{E79B39E3-DD53-4884-A948-67C73B50DBFB}"
EndProject
Project("{FAE04EC0-301F-11D3-BF4B-00C04F79EFBC}") = "Delegates_Task2", "Delegates_Task2\Delegates_Task2.csproj", "{0FC1BA5F-484E-4A4B-9F03-B27DA018E96C}"
EndProject
Global
	GlobalSection(SolutionConfigurationPlatforms) = preSolution
		Debug|Any CPU = Debug|Any CPU
		Release|Any CPU = Release|Any CPU
	EndGlobalSection
	GlobalSection(ProjectConfigurationPlatforms) = postSolution
		{E79B39E3-DD53-4884-A948-67C73B50DBFB}.Debug|Any CPU.ActiveCfg = Debug|Any CPU
		{E79B39E3-DD53-4884-A948-67C73B50DBFB}.Debug|Any CPU.Build.0 = Debug|Any CPU
		{E79B39E3-DD53-4884-A948-67C73B50DBFB}.Release|Any CPU.ActiveCfg = Release|Any CPU
		{E79B39E3-DD53-4884-A948-67C73B50DBFB}.Release|Any CPU.Build.0 = Release|Any CPU
		{0FC1BA5F-484E-4A4B-9F03-B27DA018E96C}.Debug|Any CPU.ActiveCfg = Debug|Any CPU
		{0FC1BA5F-484E-4A4B-9F03-B27DA018E96C}.Debug|Any CPU.Build.0 = Debug|Any CPU
		{0FC1BA5F-484E-4A4B-9F03-B27DA018E96C}.Release|Any CPU.ActiveCfg = Release|Any CPU
		{0FC1BA5F-484E-4A4B-9F03-B27DA018E96C}.Release|Any CPU.Build.0 = Release|Any CPU
	EndGlobalSection
	GlobalSection(SolutionProperties) = preSolution
		HideSolutionNode = FALSE
	EndGlobalSection
EndGlobal
